// !$*UTF8*$!
{
	archiveVersion = 1;
	classes = {
	};
	objectVersion = 46;
	objects = {

/* Begin PBXBuildFile section */
		B98EC2CC16849DE0001CDD3E /* UIKit.framework in Frameworks */ = {isa = PBXBuildFile; fileRef = B98EC2CB16849DE0001CDD3E /* UIKit.framework */; };
		B98EC2CE16849DE0001CDD3E /* Foundation.framework in Frameworks */ = {isa = PBXBuildFile; fileRef = B98EC2CD16849DE0001CDD3E /* Foundation.framework */; };
		B98EC2D016849DE0001CDD3E /* CoreGraphics.framework in Frameworks */ = {isa = PBXBuildFile; fileRef = B98EC2CF16849DE0001CDD3E /* CoreGraphics.framework */; };
		B98EC2D616849DE0001CDD3E /* InfoPlist.strings in Resources */ = {isa = PBXBuildFile; fileRef = B98EC2D416849DE0001CDD3E /* InfoPlist.strings */; };
		B98EC2D816849DE0001CDD3E /* main.m in Sources */ = {isa = PBXBuildFile; fileRef = B98EC2D716849DE0001CDD3E /* main.m */; };
		B98EC2DC16849DE0001CDD3E /* AppDelegate.m in Sources */ = {isa = PBXBuildFile; fileRef = B98EC2DB16849DE0001CDD3E /* AppDelegate.m */; };
		B98EC2DE16849DE0001CDD3E /* Default.png in Resources */ = {isa = PBXBuildFile; fileRef = B98EC2DD16849DE0001CDD3E /* Default.png */; };
		B98EC2E016849DE0001CDD3E /* Default@2x.png in Resources */ = {isa = PBXBuildFile; fileRef = B98EC2DF16849DE0001CDD3E /* Default@2x.png */; };
		B98EC2E216849DE0001CDD3E /* Default-568h@2x.png in Resources */ = {isa = PBXBuildFile; fileRef = B98EC2E116849DE0001CDD3E /* Default-568h@2x.png */; };
		B98EC30B16849EBB001CDD3E /* 122-stats.png in Resources */ = {isa = PBXBuildFile; fileRef = B98EC30816849EBB001CDD3E /* 122-stats.png */; };
		B98EC30C16849EBB001CDD3E /* 11-clock.png in Resources */ = {isa = PBXBuildFile; fileRef = B98EC30916849EBB001CDD3E /* 11-clock.png */; };
		B98EC30D16849EBB001CDD3E /* 10-medical.png in Resources */ = {isa = PBXBuildFile; fileRef = B98EC30A16849EBB001CDD3E /* 10-medical.png */; };
		B98EC30F16849EE0001CDD3E /* QuartzCore.framework in Frameworks */ = {isa = PBXBuildFile; fileRef = B98EC30E16849EE0001CDD3E /* QuartzCore.framework */; };
		B98EC31016849F1A001CDD3E /* CPDConstants.m in Sources */ = {isa = PBXBuildFile; fileRef = B98EC2F716849E88001CDD3E /* CPDConstants.m */; };
		B98EC31116849F1A001CDD3E /* WeightEntry.m in Sources */ = {isa = PBXBuildFile; fileRef = B98EC2F916849E94001CDD3E /* WeightEntry.m */; };
		B98EC31216849F1A001CDD3E /* DataStore.m in Sources */ = {isa = PBXBuildFile; fileRef = B98EC2FB16849E94001CDD3E /* DataStore.m */; };
		B98EC31316849F1A001CDD3E /* WeightHistoryViewController.m in Sources */ = {isa = PBXBuildFile; fileRef = B98EC2FD16849EA8001CDD3E /* WeightHistoryViewController.m */; };
		B98EC31416849F1A001CDD3E /* EnterWeightViewController.m in Sources */ = {isa = PBXBuildFile; fileRef = B98EC2FF16849EA8001CDD3E /* EnterWeightViewController.m */; };
		B98EC31516849F1A001CDD3E /* UnitSelectorViewController.m in Sources */ = {isa = PBXBuildFile; fileRef = B98EC30116849EA8001CDD3E /* UnitSelectorViewController.m */; };
		B98EC31616849F1A001CDD3E /* DetailViewController.m in Sources */ = {isa = PBXBuildFile; fileRef = B98EC30316849EA8001CDD3E /* DetailViewController.m */; };
		B98EC31716849F1A001CDD3E /* HistoryCell.m in Sources */ = {isa = PBXBuildFile; fileRef = B98EC30516849EA8001CDD3E /* HistoryCell.m */; };
		B98EC31816849F1A001CDD3E /* ChartViewController.m in Sources */ = {isa = PBXBuildFile; fileRef = B98EC30716849EA8001CDD3E /* ChartViewController.m */; };
		B98EC31A16849FA7001CDD3E /* MainStoryboard_iPhone.storyboard in Resources */ = {isa = PBXBuildFile; fileRef = B98EC31916849FA7001CDD3E /* MainStoryboard_iPhone.storyboard */; };
		B98EC31C1684A101001CDD3E /* CorePlotHeaders in Resources */ = {isa = PBXBuildFile; fileRef = B98EC31B1684A101001CDD3E /* CorePlotHeaders */; };
		B98EC3201684A337001CDD3E /* libCorePlot-CocoaTouch.a in Frameworks */ = {isa = PBXBuildFile; fileRef = B98EC31D1684A108001CDD3E /* libCorePlot-CocoaTouch.a */; };
/* End PBXBuildFile section */

/* Begin PBXFileReference section */
		B98EC2C716849DE0001CDD3E /* Weight_Monitor.app */ = {isa = PBXFileReference; explicitFileType = wrapper.application; includeInIndex = 0; path = Weight_Monitor.app; sourceTree = BUILT_PRODUCTS_DIR; };
		B98EC2CB16849DE0001CDD3E /* UIKit.framework */ = {isa = PBXFileReference; lastKnownFileType = wrapper.framework; name = UIKit.framework; path = System/Library/Frameworks/UIKit.framework; sourceTree = SDKROOT; };
		B98EC2CD16849DE0001CDD3E /* Foundation.framework */ = {isa = PBXFileReference; lastKnownFileType = wrapper.framework; name = Foundation.framework; path = System/Library/Frameworks/Foundation.framework; sourceTree = SDKROOT; };
		B98EC2CF16849DE0001CDD3E /* CoreGraphics.framework */ = {isa = PBXFileReference; lastKnownFileType = wrapper.framework; name = CoreGraphics.framework; path = System/Library/Frameworks/CoreGraphics.framework; sourceTree = SDKROOT; };
		B98EC2D316849DE0001CDD3E /* Weight_Monitor-Info.plist */ = {isa = PBXFileReference; lastKnownFileType = text.plist.xml; path = "Weight_Monitor-Info.plist"; sourceTree = "<group>"; };
		B98EC2D516849DE0001CDD3E /* en */ = {isa = PBXFileReference; lastKnownFileType = text.plist.strings; name = en; path = en.lproj/InfoPlist.strings; sourceTree = "<group>"; };
		B98EC2D716849DE0001CDD3E /* main.m */ = {isa = PBXFileReference; lastKnownFileType = sourcecode.c.objc; path = main.m; sourceTree = "<group>"; };
		B98EC2D916849DE0001CDD3E /* Weight_Monitor-Prefix.pch */ = {isa = PBXFileReference; lastKnownFileType = sourcecode.c.h; path = "Weight_Monitor-Prefix.pch"; sourceTree = "<group>"; };
		B98EC2DA16849DE0001CDD3E /* AppDelegate.h */ = {isa = PBXFileReference; lastKnownFileType = sourcecode.c.h; path = AppDelegate.h; sourceTree = "<group>"; };
		B98EC2DB16849DE0001CDD3E /* AppDelegate.m */ = {isa = PBXFileReference; lastKnownFileType = sourcecode.c.objc; path = AppDelegate.m; sourceTree = "<group>"; };
		B98EC2DD16849DE0001CDD3E /* Default.png */ = {isa = PBXFileReference; lastKnownFileType = image.png; path = Default.png; sourceTree = "<group>"; };
		B98EC2DF16849DE0001CDD3E /* Default@2x.png */ = {isa = PBXFileReference; lastKnownFileType = image.png; path = "Default@2x.png"; sourceTree = "<group>"; };
		B98EC2E116849DE0001CDD3E /* Default-568h@2x.png */ = {isa = PBXFileReference; lastKnownFileType = image.png; path = "Default-568h@2x.png"; sourceTree = "<group>"; };
		B98EC2F616849E88001CDD3E /* CPDConstants.h */ = {isa = PBXFileReference; lastKnownFileType = sourcecode.c.h; path = CPDConstants.h; sourceTree = "<group>"; };
		B98EC2F716849E88001CDD3E /* CPDConstants.m */ = {isa = PBXFileReference; lastKnownFileType = sourcecode.c.objc; path = CPDConstants.m; sourceTree = "<group>"; };
		B98EC2F816849E94001CDD3E /* WeightEntry.h */ = {isa = PBXFileReference; lastKnownFileType = sourcecode.c.h; path = WeightEntry.h; sourceTree = "<group>"; };
		B98EC2F916849E94001CDD3E /* WeightEntry.m */ = {isa = PBXFileReference; lastKnownFileType = sourcecode.c.objc; path = WeightEntry.m; sourceTree = "<group>"; };
		B98EC2FA16849E94001CDD3E /* DataStore.h */ = {isa = PBXFileReference; lastKnownFileType = sourcecode.c.h; path = DataStore.h; sourceTree = "<group>"; };
		B98EC2FB16849E94001CDD3E /* DataStore.m */ = {isa = PBXFileReference; lastKnownFileType = sourcecode.c.objc; path = DataStore.m; sourceTree = "<group>"; };
		B98EC2FC16849EA8001CDD3E /* WeightHistoryViewController.h */ = {isa = PBXFileReference; lastKnownFileType = sourcecode.c.h; path = WeightHistoryViewController.h; sourceTree = "<group>"; };
		B98EC2FD16849EA8001CDD3E /* WeightHistoryViewController.m */ = {isa = PBXFileReference; lastKnownFileType = sourcecode.c.objc; path = WeightHistoryViewController.m; sourceTree = "<group>"; };
		B98EC2FE16849EA8001CDD3E /* EnterWeightViewController.h */ = {isa = PBXFileReference; lastKnownFileType = sourcecode.c.h; path = EnterWeightViewController.h; sourceTree = "<group>"; };
		B98EC2FF16849EA8001CDD3E /* EnterWeightViewController.m */ = {isa = PBXFileReference; lastKnownFileType = sourcecode.c.objc; path = EnterWeightViewController.m; sourceTree = "<group>"; };
		B98EC30016849EA8001CDD3E /* UnitSelectorViewController.h */ = {isa = PBXFileReference; lastKnownFileType = sourcecode.c.h; path = UnitSelectorViewController.h; sourceTree = "<group>"; };
		B98EC30116849EA8001CDD3E /* UnitSelectorViewController.m */ = {isa = PBXFileReference; lastKnownFileType = sourcecode.c.objc; path = UnitSelectorViewController.m; sourceTree = "<group>"; };
		B98EC30216849EA8001CDD3E /* DetailViewController.h */ = {isa = PBXFileReference; lastKnownFileType = sourcecode.c.h; path = DetailViewController.h; sourceTree = "<group>"; };
		B98EC30316849EA8001CDD3E /* DetailViewController.m */ = {isa = PBXFileReference; lastKnownFileType = sourcecode.c.objc; path = DetailViewController.m; sourceTree = "<group>"; };
		B98EC30416849EA8001CDD3E /* HistoryCell.h */ = {isa = PBXFileReference; lastKnownFileType = sourcecode.c.h; path = HistoryCell.h; sourceTree = "<group>"; };
		B98EC30516849EA8001CDD3E /* HistoryCell.m */ = {isa = PBXFileReference; lastKnownFileType = sourcecode.c.objc; path = HistoryCell.m; sourceTree = "<group>"; };
		B98EC30616849EA8001CDD3E /* ChartViewController.h */ = {isa = PBXFileReference; lastKnownFileType = sourcecode.c.h; path = ChartViewController.h; sourceTree = "<group>"; };
		B98EC30716849EA8001CDD3E /* ChartViewController.m */ = {isa = PBXFileReference; lastKnownFileType = sourcecode.c.objc; path = ChartViewController.m; sourceTree = "<group>"; };
		B98EC30816849EBB001CDD3E /* 122-stats.png */ = {isa = PBXFileReference; lastKnownFileType = image.png; path = "122-stats.png"; sourceTree = "<group>"; };
		B98EC30916849EBB001CDD3E /* 11-clock.png */ = {isa = PBXFileReference; lastKnownFileType = image.png; path = "11-clock.png"; sourceTree = "<group>"; };
		B98EC30A16849EBB001CDD3E /* 10-medical.png */ = {isa = PBXFileReference; lastKnownFileType = image.png; path = "10-medical.png"; sourceTree = "<group>"; };
		B98EC30E16849EE0001CDD3E /* QuartzCore.framework */ = {isa = PBXFileReference; lastKnownFileType = wrapper.framework; name = QuartzCore.framework; path = System/Library/Frameworks/QuartzCore.framework; sourceTree = SDKROOT; };
		B98EC31916849FA7001CDD3E /* MainStoryboard_iPhone.storyboard */ = {isa = PBXFileReference; fileEncoding = 4; lastKnownFileType = file.storyboard; path = MainStoryboard_iPhone.storyboard; sourceTree = "<group>"; };
		B98EC31B1684A101001CDD3E /* CorePlotHeaders */ = {isa = PBXFileReference; lastKnownFileType = folder; path = CorePlotHeaders; sourceTree = "<group>"; };
		B98EC31D1684A108001CDD3E /* libCorePlot-CocoaTouch.a */ = {isa = PBXFileReference; lastKnownFileType = archive.ar; path = "libCorePlot-CocoaTouch.a"; sourceTree = "<group>"; };
/* End PBXFileReference section */

/* Begin PBXFrameworksBuildPhase section */
		B98EC2C416849DE0001CDD3E /* Frameworks */ = {
			isa = PBXFrameworksBuildPhase;
			buildActionMask = 2147483647;
			files = (
				B98EC3201684A337001CDD3E /* libCorePlot-CocoaTouch.a in Frameworks */,
				B98EC30F16849EE0001CDD3E /* QuartzCore.framework in Frameworks */,
				B98EC2CC16849DE0001CDD3E /* UIKit.framework in Frameworks */,
				B98EC2CE16849DE0001CDD3E /* Foundation.framework in Frameworks */,
				B98EC2D016849DE0001CDD3E /* CoreGraphics.framework in Frameworks */,
			);
			runOnlyForDeploymentPostprocessing = 0;
		};
/* End PBXFrameworksBuildPhase section */

/* Begin PBXGroup section */
		B98EC2BC16849DE0001CDD3E = {
			isa = PBXGroup;
			children = (
				B98EC2EE16849DF1001CDD3E /* CorePlot */,
				B98EC2EF16849DFC001CDD3E /* Constants */,
				B98EC2F016849E04001CDD3E /* Model */,
				B98EC2D116849DE0001CDD3E /* Weight_Monitor */,
				B98EC2CA16849DE0001CDD3E /* Frameworks */,
				B98EC2C816849DE0001CDD3E /* Products */,
			);
			sourceTree = "<group>";
		};
		B98EC2C816849DE0001CDD3E /* Products */ = {
			isa = PBXGroup;
			children = (
				B98EC2C716849DE0001CDD3E /* Weight_Monitor.app */,
			);
			name = Products;
			sourceTree = "<group>";
		};
		B98EC2CA16849DE0001CDD3E /* Frameworks */ = {
			isa = PBXGroup;
			children = (
				B98EC30E16849EE0001CDD3E /* QuartzCore.framework */,
				B98EC2CB16849DE0001CDD3E /* UIKit.framework */,
				B98EC2CD16849DE0001CDD3E /* Foundation.framework */,
				B98EC2CF16849DE0001CDD3E /* CoreGraphics.framework */,
			);
			name = Frameworks;
			sourceTree = "<group>";
		};
		B98EC2D116849DE0001CDD3E /* Weight_Monitor */ = {
			isa = PBXGroup;
			children = (
				B98EC2DA16849DE0001CDD3E /* AppDelegate.h */,
				B98EC2DB16849DE0001CDD3E /* AppDelegate.m */,
				B98EC31916849FA7001CDD3E /* MainStoryboard_iPhone.storyboard */,
				B98EC2FC16849EA8001CDD3E /* WeightHistoryViewController.h */,
				B98EC2FD16849EA8001CDD3E /* WeightHistoryViewController.m */,
				B98EC2FE16849EA8001CDD3E /* EnterWeightViewController.h */,
				B98EC2FF16849EA8001CDD3E /* EnterWeightViewController.m */,
				B98EC30016849EA8001CDD3E /* UnitSelectorViewController.h */,
				B98EC30116849EA8001CDD3E /* UnitSelectorViewController.m */,
				B98EC30216849EA8001CDD3E /* DetailViewController.h */,
				B98EC30316849EA8001CDD3E /* DetailViewController.m */,
				B98EC30416849EA8001CDD3E /* HistoryCell.h */,
				B98EC30516849EA8001CDD3E /* HistoryCell.m */,
				B98EC30616849EA8001CDD3E /* ChartViewController.h */,
				B98EC30716849EA8001CDD3E /* ChartViewController.m */,
				B98EC2D216849DE0001CDD3E /* Supporting Files */,
			);
			path = Weight_Monitor;
			sourceTree = "<group>";
		};
		B98EC2D216849DE0001CDD3E /* Supporting Files */ = {
			isa = PBXGroup;
			children = (
				B98EC30816849EBB001CDD3E /* 122-stats.png */,
				B98EC30916849EBB001CDD3E /* 11-clock.png */,
				B98EC30A16849EBB001CDD3E /* 10-medical.png */,
				B98EC2D316849DE0001CDD3E /* Weight_Monitor-Info.plist */,
				B98EC2D416849DE0001CDD3E /* InfoPlist.strings */,
				B98EC2D716849DE0001CDD3E /* main.m */,
				B98EC2D916849DE0001CDD3E /* Weight_Monitor-Prefix.pch */,
				B98EC2DD16849DE0001CDD3E /* Default.png */,
				B98EC2DF16849DE0001CDD3E /* Default@2x.png */,
				B98EC2E116849DE0001CDD3E /* Default-568h@2x.png */,
			);
			name = "Supporting Files";
			sourceTree = "<group>";
		};
		B98EC2EE16849DF1001CDD3E /* CorePlot */ = {
			isa = PBXGroup;
			children = (
				B98EC31D1684A108001CDD3E /* libCorePlot-CocoaTouch.a */,
				B98EC31B1684A101001CDD3E /* CorePlotHeaders */,
			);
			name = CorePlot;
			sourceTree = "<group>";
		};
		B98EC2EF16849DFC001CDD3E /* Constants */ = {
			isa = PBXGroup;
			children = (
				B98EC2F616849E88001CDD3E /* CPDConstants.h */,
				B98EC2F716849E88001CDD3E /* CPDConstants.m */,
			);
			name = Constants;
			sourceTree = "<group>";
		};
		B98EC2F016849E04001CDD3E /* Model */ = {
			isa = PBXGroup;
			children = (
				B98EC2F816849E94001CDD3E /* WeightEntry.h */,
				B98EC2F916849E94001CDD3E /* WeightEntry.m */,
				B98EC2FA16849E94001CDD3E /* DataStore.h */,
				B98EC2FB16849E94001CDD3E /* DataStore.m */,
			);
			name = Model;
			sourceTree = "<group>";
		};
/* End PBXGroup section */

/* Begin PBXNativeTarget section */
		B98EC2C616849DE0001CDD3E /* Weight_Monitor */ = {
			isa = PBXNativeTarget;
			buildConfigurationList = B98EC2EB16849DE0001CDD3E /* Build configuration list for PBXNativeTarget "Weight_Monitor" */;
			buildPhases = (
				B98EC2C316849DE0001CDD3E /* Sources */,
				B98EC2C416849DE0001CDD3E /* Frameworks */,
				B98EC2C516849DE0001CDD3E /* Resources */,
			);
			buildRules = (
			);
			dependencies = (
			);
			name = Weight_Monitor;
			productName = Weight_Monitor;
			productReference = B98EC2C716849DE0001CDD3E /* Weight_Monitor.app */;
			productType = "com.apple.product-type.application";
		};
/* End PBXNativeTarget section */

/* Begin PBXProject section */
		B98EC2BE16849DE0001CDD3E /* Project object */ = {
			isa = PBXProject;
			attributes = {
				LastUpgradeCheck = 0450;
				ORGANIZATIONNAME = "John Mann";
			};
			buildConfigurationList = B98EC2C116849DE0001CDD3E /* Build configuration list for PBXProject "Weight_Monitor" */;
			compatibilityVersion = "Xcode 3.2";
			developmentRegion = English;
			hasScannedForEncodings = 0;
			knownRegions = (
				en,
			);
			mainGroup = B98EC2BC16849DE0001CDD3E;
			productRefGroup = B98EC2C816849DE0001CDD3E /* Products */;
			projectDirPath = "";
			projectRoot = "";
			targets = (
				B98EC2C616849DE0001CDD3E /* Weight_Monitor */,
			);
		};
/* End PBXProject section */

/* Begin PBXResourcesBuildPhase section */
		B98EC2C516849DE0001CDD3E /* Resources */ = {
			isa = PBXResourcesBuildPhase;
			buildActionMask = 2147483647;
			files = (
				B98EC2D616849DE0001CDD3E /* InfoPlist.strings in Resources */,
				B98EC2DE16849DE0001CDD3E /* Default.png in Resources */,
				B98EC2E016849DE0001CDD3E /* Default@2x.png in Resources */,
				B98EC2E216849DE0001CDD3E /* Default-568h@2x.png in Resources */,
				B98EC30B16849EBB001CDD3E /* 122-stats.png in Resources */,
				B98EC30C16849EBB001CDD3E /* 11-clock.png in Resources */,
				B98EC30D16849EBB001CDD3E /* 10-medical.png in Resources */,
				B98EC31A16849FA7001CDD3E /* MainStoryboard_iPhone.storyboard in Resources */,
				B98EC31C1684A101001CDD3E /* CorePlotHeaders in Resources */,
			);
			runOnlyForDeploymentPostprocessing = 0;
		};
/* End PBXResourcesBuildPhase section */

/* Begin PBXSourcesBuildPhase section */
		B98EC2C316849DE0001CDD3E /* Sources */ = {
			isa = PBXSourcesBuildPhase;
			buildActionMask = 2147483647;
			files = (
				B98EC31016849F1A001CDD3E /* CPDConstants.m in Sources */,
				B98EC31116849F1A001CDD3E /* WeightEntry.m in Sources */,
				B98EC31216849F1A001CDD3E /* DataStore.m in Sources */,
				B98EC31316849F1A001CDD3E /* WeightHistoryViewController.m in Sources */,
				B98EC31416849F1A001CDD3E /* EnterWeightViewController.m in Sources */,
				B98EC31516849F1A001CDD3E /* UnitSelectorViewController.m in Sources */,
				B98EC31616849F1A001CDD3E /* DetailViewController.m in Sources */,
				B98EC31716849F1A001CDD3E /* HistoryCell.m in Sources */,
				B98EC31816849F1A001CDD3E /* ChartViewController.m in Sources */,
				B98EC2D816849DE0001CDD3E /* main.m in Sources */,
				B98EC2DC16849DE0001CDD3E /* AppDelegate.m in Sources */,
			);
			runOnlyForDeploymentPostprocessing = 0;
		};
/* End PBXSourcesBuildPhase section */

/* Begin PBXVariantGroup section */
		B98EC2D416849DE0001CDD3E /* InfoPlist.strings */ = {
			isa = PBXVariantGroup;
			children = (
				B98EC2D516849DE0001CDD3E /* en */,
			);
			name = InfoPlist.strings;
			sourceTree = "<group>";
		};
/* End PBXVariantGroup section */

/* Begin XCBuildConfiguration section */
		B98EC2E916849DE0001CDD3E /* Debug */ = {
			isa = XCBuildConfiguration;
			buildSettings = {
				ALWAYS_SEARCH_USER_PATHS = NO;
				CLANG_CXX_LANGUAGE_STANDARD = "gnu++0x";
				CLANG_CXX_LIBRARY = "libc++";
				CLANG_ENABLE_OBJC_ARC = YES;
				CLANG_WARN_EMPTY_BODY = YES;
				CLANG_WARN__DUPLICATE_METHOD_MATCH = YES;
				"CODE_SIGN_IDENTITY[sdk=iphoneos*]" = "iPhone Developer";
				COPY_PHASE_STRIP = NO;
				GCC_C_LANGUAGE_STANDARD = gnu99;
				GCC_DYNAMIC_NO_PIC = NO;
				GCC_OPTIMIZATION_LEVEL = 0;
				GCC_PREPROCESSOR_DEFINITIONS = (
					"DEBUG=1",
					"$(inherited)",
				);
				GCC_SYMBOLS_PRIVATE_EXTERN = NO;
				GCC_VERSION = "";
				GCC_WARN_ABOUT_RETURN_TYPE = YES;
				GCC_WARN_UNINITIALIZED_AUTOS = YES;
				GCC_WARN_UNUSED_VARIABLE = YES;
				HEADER_SEARCH_PATHS = "\"${PROJECT_DIR}/framework/**\"";
				IPHONEOS_DEPLOYMENT_TARGET = 6.0;
				OTHER_LDFLAGS = "-ObjC";
				SDKROOT = iphoneos;
				USER_HEADER_SEARCH_PATHS = "";
			};
			name = Debug;
		};
		B98EC2EA16849DE0001CDD3E /* Release */ = {
			isa = XCBuildConfiguration;
			buildSettings = {
				ALWAYS_SEARCH_USER_PATHS = NO;
				CLANG_CXX_LANGUAGE_STANDARD = "gnu++0x";
				CLANG_CXX_LIBRARY = "libc++";
				CLANG_ENABLE_OBJC_ARC = YES;
				CLANG_WARN_EMPTY_BODY = YES;
				CLANG_WARN__DUPLICATE_METHOD_MATCH = YES;
				"CODE_SIGN_IDENTITY[sdk=iphoneos*]" = "iPhone Developer";
				COPY_PHASE_STRIP = YES;
				GCC_C_LANGUAGE_STANDARD = gnu99;
				GCC_VERSION = "";
				GCC_WARN_ABOUT_RETURN_TYPE = YES;
				GCC_WARN_UNINITIALIZED_AUTOS = YES;
				GCC_WARN_UNUSED_VARIABLE = YES;
				HEADER_SEARCH_PATHS = "\"${PROJECT_DIR}/framework/**\"";
				IPHONEOS_DEPLOYMENT_TARGET = 6.0;
				OTHER_CFLAGS = "-DNS_BLOCK_ASSERTIONS=1";
				OTHER_LDFLAGS = "-ObjC";
				SDKROOT = iphoneos;
				USER_HEADER_SEARCH_PATHS = "";
				VALIDATE_PRODUCT = YES;
			};
			name = Release;
		};
		B98EC2EC16849DE0001CDD3E /* Debug */ = {
			isa = XCBuildConfiguration;
			buildSettings = {
				GCC_PRECOMPILE_PREFIX_HEADER = YES;
				GCC_PREFIX_HEADER = "Weight_Monitor/Weight_Monitor-Prefix.pch";
				GCC_VERSION = "";
				HEADER_SEARCH_PATHS = "\"${PROJECT_DIR}/framework/**\"";
				INFOPLIST_FILE = "Weight_Monitor/Weight_Monitor-Info.plist";
				LIBRARY_SEARCH_PATHS = (
					"$(inherited)",
					"\"$(SRCROOT)\"",
				);
				OTHER_LDFLAGS = "-ObjC";
				PRODUCT_NAME = "$(TARGET_NAME)";
				USER_HEADER_SEARCH_PATHS = "";
				WRAPPER_EXTENSION = app;
			};
			name = Debug;
		};
		B98EC2ED16849DE0001CDD3E /* Release */ = {
			isa = XCBuildConfiguration;
			buildSettings = {
				GCC_PRECOMPILE_PREFIX_HEADER = YES;
				GCC_PREFIX_HEADER = "Weight_Monitor/Weight_Monitor-Prefix.pch";
				GCC_VERSION = "";
				HEADER_SEARCH_PATHS = "\"${PROJECT_DIR}/framework/**\"";
				INFOPLIST_FILE = "Weight_Monitor/Weight_Monitor-Info.plist";
				LIBRARY_SEARCH_PATHS = (
					"$(inherited)",
					"\"$(SRCROOT)\"",
				);
				OTHER_LDFLAGS = "-ObjC";
				PRODUCT_NAME = "$(TARGET_NAME)";
				USER_HEADER_SEARCH_PATHS = "";
				WRAPPER_EXTENSION = app;
			};
			name = Release;
		};
/* End XCBuildConfiguration section */

/* Begin XCConfigurationList section */
		B98EC2C116849DE0001CDD3E /* Build configuration list for PBXProject "Weight_Monitor" */ = {
			isa = XCConfigurationList;
			buildConfigurations = (
				B98EC2E916849DE0001CDD3E /* Debug */,
				B98EC2EA16849DE0001CDD3E /* Release */,
			);
			defaultConfigurationIsVisible = 0;
			defaultConfigurationName = Release;
		};
		B98EC2EB16849DE0001CDD3E /* Build configuration list for PBXNativeTarget "Weight_Monitor" */ = {
			isa = XCConfigurationList;
			buildConfigurations = (
				B98EC2EC16849DE0001CDD3E /* Debug */,
				B98EC2ED16849DE0001CDD3E /* Release */,
			);
			defaultConfigurationIsVisible = 0;
		};
/* End XCConfigurationList section */
	};
	rootObject = B98EC2BE16849DE0001CDD3E /* Project object */;
}
